
Microsoft Visual Studio Solution File, Format Version 12.00
# Visual Studio Version 17
VisualStudioVersion = 17.6.33723.286
MinimumVisualStudioVersion = 10.0.40219.1
Project("{FAE04EC0-301F-11D3-BF4B-00C04F79EFBC}") = "RGRerm", "RGRerm.csproj", "{1B762BDA-A493-4131-935F-6C5B458FA055}"
EndProject
Global
	GlobalSection(SolutionConfigurationPlatforms) = preSolution
		Debug|Any CPU = Debug|Any CPU
		Release|Any CPU = Release|Any CPU
	EndGlobalSection
	GlobalSection(ProjectConfigurationPlatforms) = postSolution
		{1B762BDA-A493-4131-935F-6C5B458FA055}.Debug|Any CPU.ActiveCfg = Debug|Any CPU
		{1B762BDA-A493-4131-935F-6C5B458FA055}.Debug|Any CPU.Build.0 = Debug|Any CPU
		{1B762BDA-A493-4131-935F-6C5B458FA055}.Release|Any CPU.ActiveCfg = Release|Any CPU
		{1B762BDA-A493-4131-935F-6C5B458FA055}.Release|Any CPU.Build.0 = Release|Any CPU
	EndGlobalSection
	GlobalSection(SolutionProperties) = preSolution
		HideSolutionNode = FALSE
	EndGlobalSection
	GlobalSection(ExtensibilityGlobals) = postSolution
		SolutionGuid = {3767CF8B-209F-4325-BDC2-44B8299D5FA8}
	EndGlobalSection
EndGlobal
